
Microsoft Visual Studio Solution File, Format Version 12.00
# Visual Studio Version 17
VisualStudioVersion = 17.9.34701.34
MinimumVisualStudioVersion = 10.0.40219.1
Project("{2150E333-8FDC-42A3-9474-1A3956D46DE8}") = "Solution Items", "Solution Items", "{3781C108-C144-465A-873C-488253C7B2F8}"
	ProjectSection(SolutionItems) = preProject
		.editorconfig = .editorconfig
		README.md = README.md
	EndProjectSection
EndProject
Project("{E53339B2-1760-4266-BCC7-CA923CBCF16C}") = "docker-compose", "docker-compose.dcproj", "{4226778E-7DC0-43E1-ACC4-65B079602F09}"
EndProject
Project("{2150E333-8FDC-42A3-9474-1A3956D46DE8}") = "src", "src", "{452E30CF-7B9F-4FED-BD54-0494CBF3341D}"
EndProject
Project("{2150E333-8FDC-42A3-9474-1A3956D46DE8}") = "Modules", "Modules", "{0540E962-42EB-4D98-B0ED-D5AE08468921}"
EndProject
Project("{FAE04EC0-301F-11D3-BF4B-00C04F79EFBC}") = "Catalog.Core", "src\Modules\Catalog\Catalog.Core\Catalog.Core.csproj", "{20DA63BB-942F-4B33-A5DA-F49BCA6A941E}"
EndProject
Project("{2150E333-8FDC-42A3-9474-1A3956D46DE8}") = "Catalog", "Catalog", "{F94C9D03-7FAB-4E13-96BE-E755D62FD2D5}"
EndProject
Project("{FAE04EC0-301F-11D3-BF4B-00C04F79EFBC}") = "Catalog.Contracts", "src\Modules\Catalog\Catalog.Contracts\Catalog.Contracts.csproj", "{DBD83196-461E-410A-8671-43D78217C7BA}"
EndProject
Project("{2150E333-8FDC-42A3-9474-1A3956D46DE8}") = "Shared", "Shared", "{E07C730B-6E53-460C-9FD4-7FB9E84A7297}"
EndProject
Project("{2150E333-8FDC-42A3-9474-1A3956D46DE8}") = "Ordering", "Ordering", "{F9A09778-01A1-48B9-8599-ADD3F34E55ED}"
EndProject
Project("{FAE04EC0-301F-11D3-BF4B-00C04F79EFBC}") = "Ordering.Core", "src\Modules\Ordering\Ordering.Core\Ordering.Core.csproj", "{7174295A-6FA6-4DE4-8EDE-5C1D79E8917F}"
EndProject
Project("{FAE04EC0-301F-11D3-BF4B-00C04F79EFBC}") = "Ordering.Contracts", "src\Modules\Ordering\Ordering.Contracts\Ordering.Contracts.csproj", "{3F8F945B-CFBF-4DD7-806D-1D293843EAC2}"
EndProject
Project("{2150E333-8FDC-42A3-9474-1A3956D46DE8}") = "PaymentService", "PaymentService", "{20409718-7759-45BD-8C53-992B56CE2E09}"
EndProject
Project("{2150E333-8FDC-42A3-9474-1A3956D46DE8}") = "Presentation", "Presentation", "{C4257B6F-ED9A-473B-B3A2-068B7CF07654}"
EndProject
Project("{FAE04EC0-301F-11D3-BF4B-00C04F79EFBC}") = "Catalog.ReadModels", "src\Modules\Catalog\Catalog.ReadModels\Catalog.ReadModels.csproj", "{F9D0896B-6DEC-4698-A827-46D12E6C73A0}"
EndProject
Project("{FAE04EC0-301F-11D3-BF4B-00C04F79EFBC}") = "Catalog.Requests", "src\Modules\Catalog\Catalog.Requests\Catalog.Requests.csproj", "{2210E138-331D-41C0-B55C-D4D6DFD3E76E}"
EndProject
Project("{FAE04EC0-301F-11D3-BF4B-00C04F79EFBC}") = "Ordering.ReadModels", "src\Modules\Ordering\Ordering.ReadModels\Ordering.ReadModels.csproj", "{ED2BAD84-9D8E-41C1-9351-B64A550E86ED}"
EndProject
Project("{FAE04EC0-301F-11D3-BF4B-00C04F79EFBC}") = "Ordering.Requests", "src\Modules\Ordering\Ordering.Requests\Ordering.Requests.csproj", "{C50CBB96-C2C4-6E20-6E8C-C068E73B45F1}"
EndProject
Project("{FAE04EC0-301F-11D3-BF4B-00C04F79EFBC}") = "Shared.Core", "src\Shared\Shared.Core\Shared.Core.csproj", "{AF877BC9-D566-4BDD-955E-3DB3019E7CA2}"
EndProject
Project("{FAE04EC0-301F-11D3-BF4B-00C04F79EFBC}") = "Shared.Infrastructure", "src\Shared\Shared.Infrastructure\Shared.Infrastructure.csproj", "{BD5BD7A0-B8E3-CBD1-2F97-8AA0383C6188}"
EndProject
Project("{FAE04EC0-301F-11D3-BF4B-00C04F79EFBC}") = "Shared.Api", "src\Shared\Shared.Api\Shared.Api.csproj", "{7F0F39C8-FAE5-4D79-9798-C553D244AED3}"
EndProject
Project("{FAE04EC0-301F-11D3-BF4B-00C04F79EFBC}") = "Shared.Application", "src\Shared\Shared.Application\Shared.Application.csproj", "{BE4E49E3-0182-490D-0D67-0321D3C7A77B}"
EndProject
Project("{FAE04EC0-301F-11D3-BF4B-00C04F79EFBC}") = "Catalog.Application", "src\Modules\Catalog\Catalog.Application\Catalog.Application.csproj", "{E6F623A5-2640-4FBA-A03E-AC1353BA6052}"
EndProject
Project("{FAE04EC0-301F-11D3-BF4B-00C04F79EFBC}") = "Catalog.Infrastructure", "src\Modules\Catalog\Catalog.Infrastructure\Catalog.Infrastructure.csproj", "{9D8291FD-2535-4946-A905-8CDD7F9E3EDA}"
EndProject
Project("{FAE04EC0-301F-11D3-BF4B-00C04F79EFBC}") = "Shared.Contracts", "src\Shared\Shared.Contracts\Shared.Contracts.csproj", "{F506EBEE-676A-4225-9B76-0FE59BCC0924}"
EndProject
Project("{FAE04EC0-301F-11D3-BF4B-00C04F79EFBC}") = "Ordering.Application", "src\Modules\Ordering\Ordering.Application\Ordering.Application.csproj", "{5E220A62-2620-4505-9ADE-F545D8DF6FD2}"
EndProject
Project("{FAE04EC0-301F-11D3-BF4B-00C04F79EFBC}") = "Ordering.Infrastructure", "src\Modules\Ordering\Ordering.Infrastructure\Ordering.Infrastructure.csproj", "{6042DFB6-E946-4C67-AE82-4A27D9D424EB}"
EndProject
Project("{FAE04EC0-301F-11D3-BF4B-00C04F79EFBC}") = "PaymentService.Core", "src\Modules\PaymentService\PaymentService.Core\PaymentService.Core.csproj", "{DA4ECDD4-3C47-8528-1D74-9B9E54A248E5}"
EndProject
Project("{FAE04EC0-301F-11D3-BF4B-00C04F79EFBC}") = "PaymentService.Infrastructure", "src\Modules\PaymentService\PaymentService.Infrastructure\PaymentService.Infrastructure.csproj", "{3F583F69-4D12-5902-408C-9CD012F03DD4}"
EndProject
Project("{FAE04EC0-301F-11D3-BF4B-00C04F79EFBC}") = "PaymentService.Contracts", "src\Modules\PaymentService\PaymentService.Contracts\PaymentService.Contracts.csproj", "{37A12980-E80A-97B5-E867-F5E49649E484}"
EndProject
Project("{FAE04EC0-301F-11D3-BF4B-00C04F79EFBC}") = "PaymentService.Application", "src\Modules\PaymentService\PaymentService.Application\PaymentService.Application.csproj", "{E1B87DEA-061E-E896-288A-CBC3E84C564E}"
EndProject
Project("{FAE04EC0-301F-11D3-BF4B-00C04F79EFBC}") = "PaymentService.Requests", "src\Modules\PaymentService\PaymentService.Requests\PaymentService.Requests.csproj", "{2D613127-D100-D117-5BC0-0628C5310282}"
EndProject
Project("{2150E333-8FDC-42A3-9474-1A3956D46DE8}") = "InventoryService", "InventoryService", "{02EA681E-C7D8-13C7-8484-4AC65E1B71E8}"
EndProject
Project("{FAE04EC0-301F-11D3-BF4B-00C04F79EFBC}") = "InventoryService.Core", "src\Modules\InventoryService\InventoryService.Core\InventoryService.Core.csproj", "{DCB2F42F-1024-5520-ABC8-CBDB39BCF8ED}"
EndProject
Project("{FAE04EC0-301F-11D3-BF4B-00C04F79EFBC}") = "InventoryService.Application", "src\Modules\InventoryService\InventoryService.Application\InventoryService.Application.csproj", "{456C591E-C52F-6053-A850-712C3ADB49CC}"
EndProject
Project("{FAE04EC0-301F-11D3-BF4B-00C04F79EFBC}") = "InventoryService.Infrastructure", "src\Modules\InventoryService\InventoryService.Infrastructure\InventoryService.Infrastructure.csproj", "{638E4612-27E0-FF22-667B-DBD57A7F41D9}"
EndProject
Project("{2150E333-8FDC-42A3-9474-1A3956D46DE8}") = "test", "test", "{16E9C306-36C5-4308-A21A-640860D82D3D}"
EndProject
Project("{FAE04EC0-301F-11D3-BF4B-00C04F79EFBC}") = "ArchitectureTests", "test\ArchitectureTests\ArchitectureTests.csproj", "{D96EC6A5-9D39-4310-842E-943777FCDC09}"
EndProject
Project("{FAE04EC0-301F-11D3-BF4B-00C04F79EFBC}") = "InventoryService.Contracts", "src\Modules\InventoryService\InventoryService.Contracts\InventoryService.Contracts.csproj", "{0A5CA522-6132-41CF-963C-3FA2C4A4CF94}"
EndProject
Project("{FAE04EC0-301F-11D3-BF4B-00C04F79EFBC}") = "InventoryService.Requests", "src\Modules\InventoryService\InventoryService.Requests\InventoryService.Requests.csproj", "{9D7AE93C-B8BF-47E8-A5ED-77740C0EAE72}"
EndProject
Project("{FAE04EC0-301F-11D3-BF4B-00C04F79EFBC}") = "Administration", "src\Presentation\Administration\Administration\Administration.csproj", "{3018F456-DE01-FE1D-BAC8-298E9A0CEDA3}"
EndProject
Project("{FAE04EC0-301F-11D3-BF4B-00C04F79EFBC}") = "Administration.Client", "src\Presentation\Administration\Administration.Client\Administration.Client.csproj", "{F7D3C6B2-EAD9-E80B-2927-C3317E1F20A3}"
EndProject
Project("{FAE04EC0-301F-11D3-BF4B-00C04F79EFBC}") = "Shared.AuthZ", "src\Shared\Shared.AuthZ\Shared.AuthZ.csproj", "{68E2F3F0-A22E-4511-A07B-BABB111B315B}"
EndProject
Project("{2150E333-8FDC-42A3-9474-1A3956D46DE8}") = "NotificationService", "NotificationService", "{F42A7699-DB7F-4480-B654-753258F6F431}"
EndProject
Project("{FAE04EC0-301F-11D3-BF4B-00C04F79EFBC}") = "NotificationService.Core", "src\Modules\NotificationService\NotificationService.Core\NotificationService.Core.csproj", "{EEBC8804-B6C4-49F1-A888-0C74099ADB70}"
EndProject
Project("{FAE04EC0-301F-11D3-BF4B-00C04F79EFBC}") = "NotificationService.Infrastructure", "src\Modules\NotificationService\NotificationService.Infrastructure\NotificationService.Infrastructure.csproj", "{938D78F5-4102-46BB-83D2-90BEF95F74C6}"
EndProject
Project("{FAE04EC0-301F-11D3-BF4B-00C04F79EFBC}") = "NotificationService.Application", "src\Modules\NotificationService\NotificationService.Application\NotificationService.Application.csproj", "{A07370A4-57E8-4BD0-8A04-B2E2FE6AD4DB}"
EndProject
Project("{FAE04EC0-301F-11D3-BF4B-00C04F79EFBC}") = "InventoryService.ReadModels", "src\Modules\InventoryService\InventoryService.ReadModels\InventoryService.ReadModels.csproj", "{335B8680-148F-4315-9F2C-1E91C3A45E74}"
EndProject
Project("{FAE04EC0-301F-11D3-BF4B-00C04F79EFBC}") = "Catalog.Api", "src\Modules\Catalog\Catalog.Api\Catalog.Api.csproj", "{0E2A3FF8-D391-4AFF-9DAD-822B6406133E}"
EndProject
Project("{FAE04EC0-301F-11D3-BF4B-00C04F79EFBC}") = "Ordering.Api", "src\Modules\Ordering\Ordering.Api\Ordering.Api.csproj", "{5CB099A6-00A1-44CD-8AF8-05EF83564BC9}"
EndProject
Project("{FAE04EC0-301F-11D3-BF4B-00C04F79EFBC}") = "InventoryService.Api", "src\Modules\InventoryService\InventoryService.Api\InventoryService.Api.csproj", "{493AB9AC-E7D5-452F-A71C-79F786F5F80F}"
EndProject
Project("{2150E333-8FDC-42A3-9474-1A3956D46DE8}") = "MediaService", "MediaService", "{4E8A0E3D-0C82-4251-A35B-944BC34EA79C}"
EndProject
Project("{FAE04EC0-301F-11D3-BF4B-00C04F79EFBC}") = "PaymentService.Api", "src\Modules\PaymentService\PaymentService.Api\PaymentService.Api.csproj", "{BF3AC522-0454-4FE5-B4EA-BAF78597AD03}"
EndProject
Project("{2150E333-8FDC-42A3-9474-1A3956D46DE8}") = "Gateways", "Gateways", "{0C5F7774-888A-46BC-9F4C-A7FDBD9C81EB}"
EndProject
Project("{FAE04EC0-301F-11D3-BF4B-00C04F79EFBC}") = "ApiGateway", "src\Gateways\ApiGateway\ApiGateway.csproj", "{102A1EA6-C83B-4214-A5E2-EF2E9BAB4B39}"
EndProject
Project("{2150E333-8FDC-42A3-9474-1A3956D46DE8}") = "IdentityServer", "IdentityServer", "{6287D4E0-5962-46D6-9DD1-E62B93317685}"
EndProject
Project("{FAE04EC0-301F-11D3-BF4B-00C04F79EFBC}") = "IdentityServer", "src\IdentityServer\IdentityServer.csproj", "{B319E4B5-647F-B754-5EB3-1ED3A20C2CC5}"
EndProject
Project("{FAE04EC0-301F-11D3-BF4B-00C04F79EFBC}") = "PaymentService.PluginContract", "src\Modules\PaymentService\PaymentService.PluginContract\PaymentService.PluginContract.csproj", "{E5FF301F-EF2D-4F3E-B4F6-8432B718091F}"
EndProject
Project("{FAE04EC0-301F-11D3-BF4B-00C04F79EFBC}") = "MediaService.Api", "src\Modules\MediaService\MediaService.Api\MediaService.Api.csproj", "{634C7BD2-9365-C4A0-4A33-8F1254460849}"
EndProject
Global
	GlobalSection(SolutionConfigurationPlatforms) = preSolution
		Debug|Any CPU = Debug|Any CPU
		Release|Any CPU = Release|Any CPU
	EndGlobalSection
	GlobalSection(ProjectConfigurationPlatforms) = postSolution
		{4226778E-7DC0-43E1-ACC4-65B079602F09}.Debug|Any CPU.ActiveCfg = Debug|Any CPU
		{4226778E-7DC0-43E1-ACC4-65B079602F09}.Debug|Any CPU.Build.0 = Debug|Any CPU
		{4226778E-7DC0-43E1-ACC4-65B079602F09}.Release|Any CPU.ActiveCfg = Release|Any CPU
		{4226778E-7DC0-43E1-ACC4-65B079602F09}.Release|Any CPU.Build.0 = Release|Any CPU
		{20DA63BB-942F-4B33-A5DA-F49BCA6A941E}.Debug|Any CPU.ActiveCfg = Debug|Any CPU
		{20DA63BB-942F-4B33-A5DA-F49BCA6A941E}.Debug|Any CPU.Build.0 = Debug|Any CPU
		{20DA63BB-942F-4B33-A5DA-F49BCA6A941E}.Release|Any CPU.ActiveCfg = Release|Any CPU
		{20DA63BB-942F-4B33-A5DA-F49BCA6A941E}.Release|Any CPU.Build.0 = Release|Any CPU
		{DBD83196-461E-410A-8671-43D78217C7BA}.Debug|Any CPU.ActiveCfg = Debug|Any CPU
		{DBD83196-461E-410A-8671-43D78217C7BA}.Debug|Any CPU.Build.0 = Debug|Any CPU
		{DBD83196-461E-410A-8671-43D78217C7BA}.Release|Any CPU.ActiveCfg = Release|Any CPU
		{DBD83196-461E-410A-8671-43D78217C7BA}.Release|Any CPU.Build.0 = Release|Any CPU
		{7174295A-6FA6-4DE4-8EDE-5C1D79E8917F}.Debug|Any CPU.ActiveCfg = Debug|Any CPU
		{7174295A-6FA6-4DE4-8EDE-5C1D79E8917F}.Debug|Any CPU.Build.0 = Debug|Any CPU
		{7174295A-6FA6-4DE4-8EDE-5C1D79E8917F}.Release|Any CPU.ActiveCfg = Release|Any CPU
		{7174295A-6FA6-4DE4-8EDE-5C1D79E8917F}.Release|Any CPU.Build.0 = Release|Any CPU
		{3F8F945B-CFBF-4DD7-806D-1D293843EAC2}.Debug|Any CPU.ActiveCfg = Debug|Any CPU
		{3F8F945B-CFBF-4DD7-806D-1D293843EAC2}.Debug|Any CPU.Build.0 = Debug|Any CPU
		{3F8F945B-CFBF-4DD7-806D-1D293843EAC2}.Release|Any CPU.ActiveCfg = Release|Any CPU
		{3F8F945B-CFBF-4DD7-806D-1D293843EAC2}.Release|Any CPU.Build.0 = Release|Any CPU
		{F9D0896B-6DEC-4698-A827-46D12E6C73A0}.Debug|Any CPU.ActiveCfg = Debug|Any CPU
		{F9D0896B-6DEC-4698-A827-46D12E6C73A0}.Debug|Any CPU.Build.0 = Debug|Any CPU
		{F9D0896B-6DEC-4698-A827-46D12E6C73A0}.Release|Any CPU.ActiveCfg = Release|Any CPU
		{F9D0896B-6DEC-4698-A827-46D12E6C73A0}.Release|Any CPU.Build.0 = Release|Any CPU
		{2210E138-331D-41C0-B55C-D4D6DFD3E76E}.Debug|Any CPU.ActiveCfg = Debug|Any CPU
		{2210E138-331D-41C0-B55C-D4D6DFD3E76E}.Debug|Any CPU.Build.0 = Debug|Any CPU
		{2210E138-331D-41C0-B55C-D4D6DFD3E76E}.Release|Any CPU.ActiveCfg = Release|Any CPU
		{2210E138-331D-41C0-B55C-D4D6DFD3E76E}.Release|Any CPU.Build.0 = Release|Any CPU
		{ED2BAD84-9D8E-41C1-9351-B64A550E86ED}.Debug|Any CPU.ActiveCfg = Debug|Any CPU
		{ED2BAD84-9D8E-41C1-9351-B64A550E86ED}.Debug|Any CPU.Build.0 = Debug|Any CPU
		{ED2BAD84-9D8E-41C1-9351-B64A550E86ED}.Release|Any CPU.ActiveCfg = Release|Any CPU
		{ED2BAD84-9D8E-41C1-9351-B64A550E86ED}.Release|Any CPU.Build.0 = Release|Any CPU
		{C50CBB96-C2C4-6E20-6E8C-C068E73B45F1}.Debug|Any CPU.ActiveCfg = Debug|Any CPU
		{C50CBB96-C2C4-6E20-6E8C-C068E73B45F1}.Debug|Any CPU.Build.0 = Debug|Any CPU
		{C50CBB96-C2C4-6E20-6E8C-C068E73B45F1}.Release|Any CPU.ActiveCfg = Release|Any CPU
		{C50CBB96-C2C4-6E20-6E8C-C068E73B45F1}.Release|Any CPU.Build.0 = Release|Any CPU
		{AF877BC9-D566-4BDD-955E-3DB3019E7CA2}.Debug|Any CPU.ActiveCfg = Debug|Any CPU
		{AF877BC9-D566-4BDD-955E-3DB3019E7CA2}.Debug|Any CPU.Build.0 = Debug|Any CPU
		{AF877BC9-D566-4BDD-955E-3DB3019E7CA2}.Release|Any CPU.ActiveCfg = Release|Any CPU
		{AF877BC9-D566-4BDD-955E-3DB3019E7CA2}.Release|Any CPU.Build.0 = Release|Any CPU
		{BD5BD7A0-B8E3-CBD1-2F97-8AA0383C6188}.Debug|Any CPU.ActiveCfg = Debug|Any CPU
		{BD5BD7A0-B8E3-CBD1-2F97-8AA0383C6188}.Debug|Any CPU.Build.0 = Debug|Any CPU
		{BD5BD7A0-B8E3-CBD1-2F97-8AA0383C6188}.Release|Any CPU.ActiveCfg = Release|Any CPU
		{BD5BD7A0-B8E3-CBD1-2F97-8AA0383C6188}.Release|Any CPU.Build.0 = Release|Any CPU
		{7F0F39C8-FAE5-4D79-9798-C553D244AED3}.Debug|Any CPU.ActiveCfg = Debug|Any CPU
		{7F0F39C8-FAE5-4D79-9798-C553D244AED3}.Debug|Any CPU.Build.0 = Debug|Any CPU
		{7F0F39C8-FAE5-4D79-9798-C553D244AED3}.Release|Any CPU.ActiveCfg = Release|Any CPU
		{7F0F39C8-FAE5-4D79-9798-C553D244AED3}.Release|Any CPU.Build.0 = Release|Any CPU
		{BE4E49E3-0182-490D-0D67-0321D3C7A77B}.Debug|Any CPU.ActiveCfg = Debug|Any CPU
		{BE4E49E3-0182-490D-0D67-0321D3C7A77B}.Debug|Any CPU.Build.0 = Debug|Any CPU
		{BE4E49E3-0182-490D-0D67-0321D3C7A77B}.Release|Any CPU.ActiveCfg = Release|Any CPU
		{BE4E49E3-0182-490D-0D67-0321D3C7A77B}.Release|Any CPU.Build.0 = Release|Any CPU
		{E6F623A5-2640-4FBA-A03E-AC1353BA6052}.Debug|Any CPU.ActiveCfg = Debug|Any CPU
		{E6F623A5-2640-4FBA-A03E-AC1353BA6052}.Debug|Any CPU.Build.0 = Debug|Any CPU
		{E6F623A5-2640-4FBA-A03E-AC1353BA6052}.Release|Any CPU.ActiveCfg = Release|Any CPU
		{E6F623A5-2640-4FBA-A03E-AC1353BA6052}.Release|Any CPU.Build.0 = Release|Any CPU
		{9D8291FD-2535-4946-A905-8CDD7F9E3EDA}.Debug|Any CPU.ActiveCfg = Debug|Any CPU
		{9D8291FD-2535-4946-A905-8CDD7F9E3EDA}.Debug|Any CPU.Build.0 = Debug|Any CPU
		{9D8291FD-2535-4946-A905-8CDD7F9E3EDA}.Release|Any CPU.ActiveCfg = Release|Any CPU
		{9D8291FD-2535-4946-A905-8CDD7F9E3EDA}.Release|Any CPU.Build.0 = Release|Any CPU
		{F506EBEE-676A-4225-9B76-0FE59BCC0924}.Debug|Any CPU.ActiveCfg = Debug|Any CPU
		{F506EBEE-676A-4225-9B76-0FE59BCC0924}.Debug|Any CPU.Build.0 = Debug|Any CPU
		{F506EBEE-676A-4225-9B76-0FE59BCC0924}.Release|Any CPU.ActiveCfg = Release|Any CPU
		{F506EBEE-676A-4225-9B76-0FE59BCC0924}.Release|Any CPU.Build.0 = Release|Any CPU
		{5E220A62-2620-4505-9ADE-F545D8DF6FD2}.Debug|Any CPU.ActiveCfg = Debug|Any CPU
		{5E220A62-2620-4505-9ADE-F545D8DF6FD2}.Debug|Any CPU.Build.0 = Debug|Any CPU
		{5E220A62-2620-4505-9ADE-F545D8DF6FD2}.Release|Any CPU.ActiveCfg = Release|Any CPU
		{5E220A62-2620-4505-9ADE-F545D8DF6FD2}.Release|Any CPU.Build.0 = Release|Any CPU
		{6042DFB6-E946-4C67-AE82-4A27D9D424EB}.Debug|Any CPU.ActiveCfg = Debug|Any CPU
		{6042DFB6-E946-4C67-AE82-4A27D9D424EB}.Debug|Any CPU.Build.0 = Debug|Any CPU
		{6042DFB6-E946-4C67-AE82-4A27D9D424EB}.Release|Any CPU.ActiveCfg = Release|Any CPU
		{6042DFB6-E946-4C67-AE82-4A27D9D424EB}.Release|Any CPU.Build.0 = Release|Any CPU
		{DA4ECDD4-3C47-8528-1D74-9B9E54A248E5}.Debug|Any CPU.ActiveCfg = Debug|Any CPU
		{DA4ECDD4-3C47-8528-1D74-9B9E54A248E5}.Debug|Any CPU.Build.0 = Debug|Any CPU
		{DA4ECDD4-3C47-8528-1D74-9B9E54A248E5}.Release|Any CPU.ActiveCfg = Release|Any CPU
		{DA4ECDD4-3C47-8528-1D74-9B9E54A248E5}.Release|Any CPU.Build.0 = Release|Any CPU
		{3F583F69-4D12-5902-408C-9CD012F03DD4}.Debug|Any CPU.ActiveCfg = Debug|Any CPU
		{3F583F69-4D12-5902-408C-9CD012F03DD4}.Debug|Any CPU.Build.0 = Debug|Any CPU
		{3F583F69-4D12-5902-408C-9CD012F03DD4}.Release|Any CPU.ActiveCfg = Release|Any CPU
		{3F583F69-4D12-5902-408C-9CD012F03DD4}.Release|Any CPU.Build.0 = Release|Any CPU
		{37A12980-E80A-97B5-E867-F5E49649E484}.Debug|Any CPU.ActiveCfg = Debug|Any CPU
		{37A12980-E80A-97B5-E867-F5E49649E484}.Debug|Any CPU.Build.0 = Debug|Any CPU
		{37A12980-E80A-97B5-E867-F5E49649E484}.Release|Any CPU.ActiveCfg = Release|Any CPU
		{37A12980-E80A-97B5-E867-F5E49649E484}.Release|Any CPU.Build.0 = Release|Any CPU
		{E1B87DEA-061E-E896-288A-CBC3E84C564E}.Debug|Any CPU.ActiveCfg = Debug|Any CPU
		{E1B87DEA-061E-E896-288A-CBC3E84C564E}.Debug|Any CPU.Build.0 = Debug|Any CPU
		{E1B87DEA-061E-E896-288A-CBC3E84C564E}.Release|Any CPU.ActiveCfg = Release|Any CPU
		{E1B87DEA-061E-E896-288A-CBC3E84C564E}.Release|Any CPU.Build.0 = Release|Any CPU
		{2D613127-D100-D117-5BC0-0628C5310282}.Debug|Any CPU.ActiveCfg = Debug|Any CPU
		{2D613127-D100-D117-5BC0-0628C5310282}.Debug|Any CPU.Build.0 = Debug|Any CPU
		{2D613127-D100-D117-5BC0-0628C5310282}.Release|Any CPU.ActiveCfg = Release|Any CPU
		{2D613127-D100-D117-5BC0-0628C5310282}.Release|Any CPU.Build.0 = Release|Any CPU
		{DCB2F42F-1024-5520-ABC8-CBDB39BCF8ED}.Debug|Any CPU.ActiveCfg = Debug|Any CPU
		{DCB2F42F-1024-5520-ABC8-CBDB39BCF8ED}.Debug|Any CPU.Build.0 = Debug|Any CPU
		{DCB2F42F-1024-5520-ABC8-CBDB39BCF8ED}.Release|Any CPU.ActiveCfg = Release|Any CPU
		{DCB2F42F-1024-5520-ABC8-CBDB39BCF8ED}.Release|Any CPU.Build.0 = Release|Any CPU
		{456C591E-C52F-6053-A850-712C3ADB49CC}.Debug|Any CPU.ActiveCfg = Debug|Any CPU
		{456C591E-C52F-6053-A850-712C3ADB49CC}.Debug|Any CPU.Build.0 = Debug|Any CPU
		{456C591E-C52F-6053-A850-712C3ADB49CC}.Release|Any CPU.ActiveCfg = Release|Any CPU
		{456C591E-C52F-6053-A850-712C3ADB49CC}.Release|Any CPU.Build.0 = Release|Any CPU
		{638E4612-27E0-FF22-667B-DBD57A7F41D9}.Debug|Any CPU.ActiveCfg = Debug|Any CPU
		{638E4612-27E0-FF22-667B-DBD57A7F41D9}.Debug|Any CPU.Build.0 = Debug|Any CPU
		{638E4612-27E0-FF22-667B-DBD57A7F41D9}.Release|Any CPU.ActiveCfg = Release|Any CPU
		{638E4612-27E0-FF22-667B-DBD57A7F41D9}.Release|Any CPU.Build.0 = Release|Any CPU
		{D96EC6A5-9D39-4310-842E-943777FCDC09}.Debug|Any CPU.ActiveCfg = Debug|Any CPU
		{D96EC6A5-9D39-4310-842E-943777FCDC09}.Debug|Any CPU.Build.0 = Debug|Any CPU
		{D96EC6A5-9D39-4310-842E-943777FCDC09}.Release|Any CPU.ActiveCfg = Release|Any CPU
		{D96EC6A5-9D39-4310-842E-943777FCDC09}.Release|Any CPU.Build.0 = Release|Any CPU
		{0A5CA522-6132-41CF-963C-3FA2C4A4CF94}.Debug|Any CPU.ActiveCfg = Debug|Any CPU
		{0A5CA522-6132-41CF-963C-3FA2C4A4CF94}.Debug|Any CPU.Build.0 = Debug|Any CPU
		{0A5CA522-6132-41CF-963C-3FA2C4A4CF94}.Release|Any CPU.ActiveCfg = Release|Any CPU
		{0A5CA522-6132-41CF-963C-3FA2C4A4CF94}.Release|Any CPU.Build.0 = Release|Any CPU
		{9D7AE93C-B8BF-47E8-A5ED-77740C0EAE72}.Debug|Any CPU.ActiveCfg = Debug|Any CPU
		{9D7AE93C-B8BF-47E8-A5ED-77740C0EAE72}.Debug|Any CPU.Build.0 = Debug|Any CPU
		{9D7AE93C-B8BF-47E8-A5ED-77740C0EAE72}.Release|Any CPU.ActiveCfg = Release|Any CPU
		{9D7AE93C-B8BF-47E8-A5ED-77740C0EAE72}.Release|Any CPU.Build.0 = Release|Any CPU
		{3018F456-DE01-FE1D-BAC8-298E9A0CEDA3}.Debug|Any CPU.ActiveCfg = Debug|Any CPU
		{3018F456-DE01-FE1D-BAC8-298E9A0CEDA3}.Debug|Any CPU.Build.0 = Debug|Any CPU
		{3018F456-DE01-FE1D-BAC8-298E9A0CEDA3}.Release|Any CPU.ActiveCfg = Release|Any CPU
		{3018F456-DE01-FE1D-BAC8-298E9A0CEDA3}.Release|Any CPU.Build.0 = Release|Any CPU
		{F7D3C6B2-EAD9-E80B-2927-C3317E1F20A3}.Debug|Any CPU.ActiveCfg = Debug|Any CPU
		{F7D3C6B2-EAD9-E80B-2927-C3317E1F20A3}.Debug|Any CPU.Build.0 = Debug|Any CPU
		{F7D3C6B2-EAD9-E80B-2927-C3317E1F20A3}.Release|Any CPU.ActiveCfg = Release|Any CPU
		{F7D3C6B2-EAD9-E80B-2927-C3317E1F20A3}.Release|Any CPU.Build.0 = Release|Any CPU
		{68E2F3F0-A22E-4511-A07B-BABB111B315B}.Debug|Any CPU.ActiveCfg = Debug|Any CPU
		{68E2F3F0-A22E-4511-A07B-BABB111B315B}.Debug|Any CPU.Build.0 = Debug|Any CPU
		{68E2F3F0-A22E-4511-A07B-BABB111B315B}.Release|Any CPU.ActiveCfg = Release|Any CPU
		{68E2F3F0-A22E-4511-A07B-BABB111B315B}.Release|Any CPU.Build.0 = Release|Any CPU
		{EEBC8804-B6C4-49F1-A888-0C74099ADB70}.Debug|Any CPU.ActiveCfg = Debug|Any CPU
		{EEBC8804-B6C4-49F1-A888-0C74099ADB70}.Debug|Any CPU.Build.0 = Debug|Any CPU
		{EEBC8804-B6C4-49F1-A888-0C74099ADB70}.Release|Any CPU.ActiveCfg = Release|Any CPU
		{EEBC8804-B6C4-49F1-A888-0C74099ADB70}.Release|Any CPU.Build.0 = Release|Any CPU
		{938D78F5-4102-46BB-83D2-90BEF95F74C6}.Debug|Any CPU.ActiveCfg = Debug|Any CPU
		{938D78F5-4102-46BB-83D2-90BEF95F74C6}.Debug|Any CPU.Build.0 = Debug|Any CPU
		{938D78F5-4102-46BB-83D2-90BEF95F74C6}.Release|Any CPU.ActiveCfg = Release|Any CPU
		{938D78F5-4102-46BB-83D2-90BEF95F74C6}.Release|Any CPU.Build.0 = Release|Any CPU
		{A07370A4-57E8-4BD0-8A04-B2E2FE6AD4DB}.Debug|Any CPU.ActiveCfg = Debug|Any CPU
		{A07370A4-57E8-4BD0-8A04-B2E2FE6AD4DB}.Debug|Any CPU.Build.0 = Debug|Any CPU
		{A07370A4-57E8-4BD0-8A04-B2E2FE6AD4DB}.Release|Any CPU.ActiveCfg = Release|Any CPU
		{A07370A4-57E8-4BD0-8A04-B2E2FE6AD4DB}.Release|Any CPU.Build.0 = Release|Any CPU
		{335B8680-148F-4315-9F2C-1E91C3A45E74}.Debug|Any CPU.ActiveCfg = Debug|Any CPU
		{335B8680-148F-4315-9F2C-1E91C3A45E74}.Debug|Any CPU.Build.0 = Debug|Any CPU
		{335B8680-148F-4315-9F2C-1E91C3A45E74}.Release|Any CPU.ActiveCfg = Release|Any CPU
		{335B8680-148F-4315-9F2C-1E91C3A45E74}.Release|Any CPU.Build.0 = Release|Any CPU
		{0E2A3FF8-D391-4AFF-9DAD-822B6406133E}.Debug|Any CPU.ActiveCfg = Debug|Any CPU
		{0E2A3FF8-D391-4AFF-9DAD-822B6406133E}.Debug|Any CPU.Build.0 = Debug|Any CPU
		{0E2A3FF8-D391-4AFF-9DAD-822B6406133E}.Release|Any CPU.ActiveCfg = Release|Any CPU
		{0E2A3FF8-D391-4AFF-9DAD-822B6406133E}.Release|Any CPU.Build.0 = Release|Any CPU
		{5CB099A6-00A1-44CD-8AF8-05EF83564BC9}.Debug|Any CPU.ActiveCfg = Debug|Any CPU
		{5CB099A6-00A1-44CD-8AF8-05EF83564BC9}.Debug|Any CPU.Build.0 = Debug|Any CPU
		{5CB099A6-00A1-44CD-8AF8-05EF83564BC9}.Release|Any CPU.ActiveCfg = Release|Any CPU
		{5CB099A6-00A1-44CD-8AF8-05EF83564BC9}.Release|Any CPU.Build.0 = Release|Any CPU
		{493AB9AC-E7D5-452F-A71C-79F786F5F80F}.Debug|Any CPU.ActiveCfg = Debug|Any CPU
		{493AB9AC-E7D5-452F-A71C-79F786F5F80F}.Debug|Any CPU.Build.0 = Debug|Any CPU
		{493AB9AC-E7D5-452F-A71C-79F786F5F80F}.Release|Any CPU.ActiveCfg = Release|Any CPU
		{493AB9AC-E7D5-452F-A71C-79F786F5F80F}.Release|Any CPU.Build.0 = Release|Any CPU
		{BF3AC522-0454-4FE5-B4EA-BAF78597AD03}.Debug|Any CPU.ActiveCfg = Debug|Any CPU
		{BF3AC522-0454-4FE5-B4EA-BAF78597AD03}.Debug|Any CPU.Build.0 = Debug|Any CPU
		{BF3AC522-0454-4FE5-B4EA-BAF78597AD03}.Release|Any CPU.ActiveCfg = Release|Any CPU
		{BF3AC522-0454-4FE5-B4EA-BAF78597AD03}.Release|Any CPU.Build.0 = Release|Any CPU
		{102A1EA6-C83B-4214-A5E2-EF2E9BAB4B39}.Debug|Any CPU.ActiveCfg = Debug|Any CPU
		{102A1EA6-C83B-4214-A5E2-EF2E9BAB4B39}.Debug|Any CPU.Build.0 = Debug|Any CPU
		{102A1EA6-C83B-4214-A5E2-EF2E9BAB4B39}.Release|Any CPU.ActiveCfg = Release|Any CPU
		{102A1EA6-C83B-4214-A5E2-EF2E9BAB4B39}.Release|Any CPU.Build.0 = Release|Any CPU
		{B319E4B5-647F-B754-5EB3-1ED3A20C2CC5}.Debug|Any CPU.ActiveCfg = Debug|Any CPU
		{B319E4B5-647F-B754-5EB3-1ED3A20C2CC5}.Debug|Any CPU.Build.0 = Debug|Any CPU
		{B319E4B5-647F-B754-5EB3-1ED3A20C2CC5}.Release|Any CPU.ActiveCfg = Release|Any CPU
		{B319E4B5-647F-B754-5EB3-1ED3A20C2CC5}.Release|Any CPU.Build.0 = Release|Any CPU
		{E5FF301F-EF2D-4F3E-B4F6-8432B718091F}.Debug|Any CPU.ActiveCfg = Debug|Any CPU
		{E5FF301F-EF2D-4F3E-B4F6-8432B718091F}.Debug|Any CPU.Build.0 = Debug|Any CPU
		{E5FF301F-EF2D-4F3E-B4F6-8432B718091F}.Release|Any CPU.ActiveCfg = Release|Any CPU
		{E5FF301F-EF2D-4F3E-B4F6-8432B718091F}.Release|Any CPU.Build.0 = Release|Any CPU
		{634C7BD2-9365-C4A0-4A33-8F1254460849}.Debug|Any CPU.ActiveCfg = Debug|Any CPU
		{634C7BD2-9365-C4A0-4A33-8F1254460849}.Debug|Any CPU.Build.0 = Debug|Any CPU
		{634C7BD2-9365-C4A0-4A33-8F1254460849}.Release|Any CPU.ActiveCfg = Release|Any CPU
		{634C7BD2-9365-C4A0-4A33-8F1254460849}.Release|Any CPU.Build.0 = Release|Any CPU
	EndGlobalSection
	GlobalSection(SolutionProperties) = preSolution
		HideSolutionNode = FALSE
	EndGlobalSection
	GlobalSection(NestedProjects) = preSolution
		{0540E962-42EB-4D98-B0ED-D5AE08468921} = {452E30CF-7B9F-4FED-BD54-0494CBF3341D}
		{20DA63BB-942F-4B33-A5DA-F49BCA6A941E} = {F94C9D03-7FAB-4E13-96BE-E755D62FD2D5}
		{F94C9D03-7FAB-4E13-96BE-E755D62FD2D5} = {0540E962-42EB-4D98-B0ED-D5AE08468921}
		{DBD83196-461E-410A-8671-43D78217C7BA} = {F94C9D03-7FAB-4E13-96BE-E755D62FD2D5}
		{E07C730B-6E53-460C-9FD4-7FB9E84A7297} = {452E30CF-7B9F-4FED-BD54-0494CBF3341D}
		{F9A09778-01A1-48B9-8599-ADD3F34E55ED} = {0540E962-42EB-4D98-B0ED-D5AE08468921}
		{7174295A-6FA6-4DE4-8EDE-5C1D79E8917F} = {F9A09778-01A1-48B9-8599-ADD3F34E55ED}
		{3F8F945B-CFBF-4DD7-806D-1D293843EAC2} = {F9A09778-01A1-48B9-8599-ADD3F34E55ED}
		{20409718-7759-45BD-8C53-992B56CE2E09} = {0540E962-42EB-4D98-B0ED-D5AE08468921}
		{C4257B6F-ED9A-473B-B3A2-068B7CF07654} = {452E30CF-7B9F-4FED-BD54-0494CBF3341D}
		{F9D0896B-6DEC-4698-A827-46D12E6C73A0} = {F94C9D03-7FAB-4E13-96BE-E755D62FD2D5}
		{2210E138-331D-41C0-B55C-D4D6DFD3E76E} = {F94C9D03-7FAB-4E13-96BE-E755D62FD2D5}
		{ED2BAD84-9D8E-41C1-9351-B64A550E86ED} = {F9A09778-01A1-48B9-8599-ADD3F34E55ED}
		{C50CBB96-C2C4-6E20-6E8C-C068E73B45F1} = {F9A09778-01A1-48B9-8599-ADD3F34E55ED}
		{AF877BC9-D566-4BDD-955E-3DB3019E7CA2} = {E07C730B-6E53-460C-9FD4-7FB9E84A7297}
		{BD5BD7A0-B8E3-CBD1-2F97-8AA0383C6188} = {E07C730B-6E53-460C-9FD4-7FB9E84A7297}
		{7F0F39C8-FAE5-4D79-9798-C553D244AED3} = {E07C730B-6E53-460C-9FD4-7FB9E84A7297}
		{BE4E49E3-0182-490D-0D67-0321D3C7A77B} = {E07C730B-6E53-460C-9FD4-7FB9E84A7297}
		{E6F623A5-2640-4FBA-A03E-AC1353BA6052} = {F94C9D03-7FAB-4E13-96BE-E755D62FD2D5}
		{9D8291FD-2535-4946-A905-8CDD7F9E3EDA} = {F94C9D03-7FAB-4E13-96BE-E755D62FD2D5}
		{F506EBEE-676A-4225-9B76-0FE59BCC0924} = {E07C730B-6E53-460C-9FD4-7FB9E84A7297}
		{5E220A62-2620-4505-9ADE-F545D8DF6FD2} = {F9A09778-01A1-48B9-8599-ADD3F34E55ED}
		{6042DFB6-E946-4C67-AE82-4A27D9D424EB} = {F9A09778-01A1-48B9-8599-ADD3F34E55ED}
		{DA4ECDD4-3C47-8528-1D74-9B9E54A248E5} = {20409718-7759-45BD-8C53-992B56CE2E09}
		{3F583F69-4D12-5902-408C-9CD012F03DD4} = {20409718-7759-45BD-8C53-992B56CE2E09}
		{37A12980-E80A-97B5-E867-F5E49649E484} = {20409718-7759-45BD-8C53-992B56CE2E09}
		{E1B87DEA-061E-E896-288A-CBC3E84C564E} = {20409718-7759-45BD-8C53-992B56CE2E09}
		{2D613127-D100-D117-5BC0-0628C5310282} = {20409718-7759-45BD-8C53-992B56CE2E09}
		{02EA681E-C7D8-13C7-8484-4AC65E1B71E8} = {0540E962-42EB-4D98-B0ED-D5AE08468921}
		{DCB2F42F-1024-5520-ABC8-CBDB39BCF8ED} = {02EA681E-C7D8-13C7-8484-4AC65E1B71E8}
		{456C591E-C52F-6053-A850-712C3ADB49CC} = {02EA681E-C7D8-13C7-8484-4AC65E1B71E8}
		{638E4612-27E0-FF22-667B-DBD57A7F41D9} = {02EA681E-C7D8-13C7-8484-4AC65E1B71E8}
		{D96EC6A5-9D39-4310-842E-943777FCDC09} = {16E9C306-36C5-4308-A21A-640860D82D3D}
		{0A5CA522-6132-41CF-963C-3FA2C4A4CF94} = {02EA681E-C7D8-13C7-8484-4AC65E1B71E8}
		{9D7AE93C-B8BF-47E8-A5ED-77740C0EAE72} = {02EA681E-C7D8-13C7-8484-4AC65E1B71E8}
		{3018F456-DE01-FE1D-BAC8-298E9A0CEDA3} = {C4257B6F-ED9A-473B-B3A2-068B7CF07654}
		{F7D3C6B2-EAD9-E80B-2927-C3317E1F20A3} = {C4257B6F-ED9A-473B-B3A2-068B7CF07654}
		{68E2F3F0-A22E-4511-A07B-BABB111B315B} = {E07C730B-6E53-460C-9FD4-7FB9E84A7297}
		{F42A7699-DB7F-4480-B654-753258F6F431} = {0540E962-42EB-4D98-B0ED-D5AE08468921}
		{EEBC8804-B6C4-49F1-A888-0C74099ADB70} = {F42A7699-DB7F-4480-B654-753258F6F431}
		{938D78F5-4102-46BB-83D2-90BEF95F74C6} = {F42A7699-DB7F-4480-B654-753258F6F431}
		{A07370A4-57E8-4BD0-8A04-B2E2FE6AD4DB} = {F42A7699-DB7F-4480-B654-753258F6F431}
		{335B8680-148F-4315-9F2C-1E91C3A45E74} = {02EA681E-C7D8-13C7-8484-4AC65E1B71E8}
		{0E2A3FF8-D391-4AFF-9DAD-822B6406133E} = {F94C9D03-7FAB-4E13-96BE-E755D62FD2D5}
		{5CB099A6-00A1-44CD-8AF8-05EF83564BC9} = {F9A09778-01A1-48B9-8599-ADD3F34E55ED}
		{493AB9AC-E7D5-452F-A71C-79F786F5F80F} = {02EA681E-C7D8-13C7-8484-4AC65E1B71E8}
		{4E8A0E3D-0C82-4251-A35B-944BC34EA79C} = {0540E962-42EB-4D98-B0ED-D5AE08468921}
		{BF3AC522-0454-4FE5-B4EA-BAF78597AD03} = {20409718-7759-45BD-8C53-992B56CE2E09}
		{0C5F7774-888A-46BC-9F4C-A7FDBD9C81EB} = {452E30CF-7B9F-4FED-BD54-0494CBF3341D}
		{102A1EA6-C83B-4214-A5E2-EF2E9BAB4B39} = {0C5F7774-888A-46BC-9F4C-A7FDBD9C81EB}
		{6287D4E0-5962-46D6-9DD1-E62B93317685} = {452E30CF-7B9F-4FED-BD54-0494CBF3341D}
		{B319E4B5-647F-B754-5EB3-1ED3A20C2CC5} = {6287D4E0-5962-46D6-9DD1-E62B93317685}
		{E5FF301F-EF2D-4F3E-B4F6-8432B718091F} = {20409718-7759-45BD-8C53-992B56CE2E09}
		{634C7BD2-9365-C4A0-4A33-8F1254460849} = {4E8A0E3D-0C82-4251-A35B-944BC34EA79C}
	EndGlobalSection
	GlobalSection(ExtensibilityGlobals) = postSolution
		FileExplorer = src\
		SolutionGuid = {FD6A2B0E-7C4C-4772-A1B0-F3455479408C}
	EndGlobalSection
EndGlobal
